<?xml version="1.0" encoding="UTF-8"?>
<!DOCTYPE plist PUBLIC "-//Apple//DTD PLIST 1.0//EN" "http://www.apple.com/DTDs/PropertyList-1.0.dtd">
<plist version="1.0">
<dict>
	<key>archiveVersion</key>
	<string>1</string>
	<key>classes</key>
	<dict/>
	<key>objectVersion</key>
	<string>46</string>
	<key>objects</key>
	<dict>
		<key>36A5B4751B1017160036E1CF</key>
		<dict>
			<key>children</key>
			<array>
				<string>75A128CA1B142B6900DCD76F</string>
				<string>36A5B4801B1017160036E1CF</string>
				<string>36A5B49A1B1017160036E1CF</string>
				<string>36A5B47F1B1017160036E1CF</string>
			</array>
			<key>isa</key>
			<string>PBXGroup</string>
			<key>sourceTree</key>
			<string>&lt;group&gt;</string>
		</dict>
		<key>36A5B4761B1017160036E1CF</key>
		<dict>
			<key>attributes</key>
			<dict>
				<key>LastUpgradeCheck</key>
				<string>0630</string>
				<key>ORGANIZATIONNAME</key>
				<string>Than Dang</string>
				<key>TargetAttributes</key>
				<dict>
					<key>36A5B47D1B1017160036E1CF</key>
					<dict>
						<key>CreatedOnToolsVersion</key>
						<string>6.3.1</string>
					</dict>
					<key>36A5B4961B1017160036E1CF</key>
					<dict>
						<key>CreatedOnToolsVersion</key>
						<string>6.3.1</string>
						<key>TestTargetID</key>
						<string>36A5B47D1B1017160036E1CF</string>
					</dict>
				</dict>
			</dict>
			<key>buildConfigurationList</key>
			<string>36A5B4791B1017160036E1CF</string>
			<key>compatibilityVersion</key>
			<string>Xcode 3.2</string>
			<key>developmentRegion</key>
			<string>English</string>
			<key>hasScannedForEncodings</key>
			<string>0</string>
			<key>isa</key>
			<string>PBXProject</string>
			<key>knownRegions</key>
			<array>
				<string>en</string>
				<string>Base</string>
			</array>
			<key>mainGroup</key>
			<string>36A5B4751B1017160036E1CF</string>
			<key>productRefGroup</key>
			<string>36A5B47F1B1017160036E1CF</string>
			<key>projectDirPath</key>
			<string></string>
			<key>projectReferences</key>
			<array/>
			<key>projectRoot</key>
			<string></string>
			<key>targets</key>
			<array>
				<string>36A5B47D1B1017160036E1CF</string>
				<string>36A5B4961B1017160036E1CF</string>
			</array>
		</dict>
		<key>36A5B4791B1017160036E1CF</key>
		<dict>
			<key>buildConfigurations</key>
			<array>
				<string>36A5B49F1B1017160036E1CF</string>
				<string>36A5B4A01B1017160036E1CF</string>
			</array>
			<key>defaultConfigurationIsVisible</key>
			<string>0</string>
			<key>defaultConfigurationName</key>
			<string>Release</string>
			<key>isa</key>
			<string>XCConfigurationList</string>
		</dict>
		<key>36A5B47A1B1017160036E1CF</key>
		<dict>
			<key>buildActionMask</key>
			<string>2147483647</string>
			<key>files</key>
			<array>
				<string>75A128C21B1420C100DCD76F</string>
				<string>36A5B48A1B1017160036E1CF</string>
				<string>75A128B71B1420AE00DCD76F</string>
				<string>75A128C51B1420C100DCD76F</string>
				<string>36C9086F1B1219C3004B9FEA</string>
				<string>75A128C31B1420C100DCD76F</string>
				<string>36A5B4871B1017160036E1CF</string>
				<string>75A128C41B1420C100DCD76F</string>
				<string>36A5B4841B1017160036E1CF</string>
			</array>
			<key>isa</key>
			<string>PBXSourcesBuildPhase</string>
			<key>runOnlyForDeploymentPostprocessing</key>
			<string>0</string>
		</dict>
		<key>36A5B47B1B1017160036E1CF</key>
		<dict>
			<key>buildActionMask</key>
			<string>2147483647</string>
			<key>files</key>
			<array>
				<string>75A128C71B14230E00DCD76F</string>
				<string>36A5B4BB1B108DC80036E1CF</string>
				<string>36A5B4B91B108DC30036E1CF</string>
				<string>36A5B4B71B108DBB0036E1CF</string>
			</array>
			<key>isa</key>
			<string>PBXFrameworksBuildPhase</string>
			<key>runOnlyForDeploymentPostprocessing</key>
			<string>0</string>
		</dict>
		<key>36A5B47C1B1017160036E1CF</key>
		<dict>
			<key>buildActionMask</key>
			<string>2147483647</string>
			<key>files</key>
			<array>
				<string>36A5B48D1B1017160036E1CF</string>
				<string>75A128CC1B142B7E00DCD76F</string>
				<string>36A5B4921B1017160036E1CF</string>
				<string>36A5B48F1B1017160036E1CF</string>
				<string>75A128C91B14282400DCD76F</string>
			</array>
			<key>isa</key>
			<string>PBXResourcesBuildPhase</string>
			<key>runOnlyForDeploymentPostprocessing</key>
			<string>0</string>
		</dict>
		<key>36A5B47D1B1017160036E1CF</key>
		<dict>
			<key>buildConfigurationList</key>
			<string>36A5B4A11B1017160036E1CF</string>
			<key>buildPhases</key>
			<array>
				<string>36A5B47A1B1017160036E1CF</string>
				<string>36A5B47B1B1017160036E1CF</string>
				<string>36A5B47C1B1017160036E1CF</string>
				<string>9B75F4656B15E4C5E0485450</string>
			</array>
			<key>buildRules</key>
			<array/>
			<key>dependencies</key>
			<array/>
			<key>isa</key>
			<string>PBXNativeTarget</string>
			<key>name</key>
			<string>OBJJSCommunicate</string>
			<key>productName</key>
			<string>OBJJSCommunicate</string>
			<key>productReference</key>
			<string>36A5B47E1B1017160036E1CF</string>
			<key>productType</key>
			<string>com.apple.product-type.application</string>
		</dict>
		<key>36A5B47E1B1017160036E1CF</key>
		<dict>
			<key>explicitFileType</key>
			<string>wrapper.application</string>
			<key>includeInIndex</key>
			<string>0</string>
			<key>isa</key>
			<string>PBXFileReference</string>
			<key>path</key>
			<string>OBJJSCommunicate.app</string>
			<key>sourceTree</key>
			<string>BUILT_PRODUCTS_DIR</string>
		</dict>
		<key>36A5B47F1B1017160036E1CF</key>
		<dict>
			<key>children</key>
			<array>
				<string>36A5B47E1B1017160036E1CF</string>
				<string>36A5B4971B1017160036E1CF</string>
			</array>
			<key>isa</key>
			<string>PBXGroup</string>
			<key>name</key>
			<string>Products</string>
			<key>sourceTree</key>
			<string>&lt;group&gt;</string>
		</dict>
		<key>36A5B4801B1017160036E1CF</key>
		<dict>
			<key>children</key>
			<array>
				<string>75A128CB1B142B7E00DCD76F</string>
				<string>75A128C81B14282400DCD76F</string>
				<string>75A128B41B1420A200DCD76F</string>
				<string>36A5B4B11B108D8E0036E1CF</string>
				<string>36A5B4851B1017160036E1CF</string>
				<string>36A5B4861B1017160036E1CF</string>
				<string>36A5B4881B1017160036E1CF</string>
				<string>36A5B4891B1017160036E1CF</string>
				<string>36A5B48B1B1017160036E1CF</string>
				<string>36A5B48E1B1017160036E1CF</string>
				<string>36A5B4901B1017160036E1CF</string>
				<string>36A5B4811B1017160036E1CF</string>
			</array>
			<key>isa</key>
			<string>PBXGroup</string>
			<key>path</key>
			<string>OBJJSCommunicate</string>
			<key>sourceTree</key>
			<string>&lt;group&gt;</string>
		</dict>
		<key>36A5B4811B1017160036E1CF</key>
		<dict>
			<key>children</key>
			<array>
				<string>36A5B4821B1017160036E1CF</string>
				<string>36A5B4831B1017160036E1CF</string>
			</array>
			<key>isa</key>
			<string>PBXGroup</string>
			<key>name</key>
			<string>Supporting Files</string>
			<key>sourceTree</key>
			<string>&lt;group&gt;</string>
		</dict>
		<key>36A5B4821B1017160036E1CF</key>
		<dict>
			<key>isa</key>
			<string>PBXFileReference</string>
			<key>lastKnownFileType</key>
			<string>text.plist.xml</string>
			<key>path</key>
			<string>Info.plist</string>
			<key>sourceTree</key>
			<string>&lt;group&gt;</string>
		</dict>
		<key>36A5B4831B1017160036E1CF</key>
		<dict>
			<key>isa</key>
			<string>PBXFileReference</string>
			<key>lastKnownFileType</key>
			<string>sourcecode.c.objc</string>
			<key>path</key>
			<string>main.m</string>
			<key>sourceTree</key>
			<string>&lt;group&gt;</string>
		</dict>
		<key>36A5B4841B1017160036E1CF</key>
		<dict>
			<key>fileRef</key>
			<string>36A5B4831B1017160036E1CF</string>
			<key>isa</key>
			<string>PBXBuildFile</string>
		</dict>
		<key>36A5B4851B1017160036E1CF</key>
		<dict>
			<key>isa</key>
			<string>PBXFileReference</string>
			<key>lastKnownFileType</key>
			<string>sourcecode.c.h</string>
			<key>path</key>
			<string>AppDelegate.h</string>
			<key>sourceTree</key>
			<string>&lt;group&gt;</string>
		</dict>
		<key>36A5B4861B1017160036E1CF</key>
		<dict>
			<key>isa</key>
			<string>PBXFileReference</string>
			<key>lastKnownFileType</key>
			<string>sourcecode.c.objc</string>
			<key>path</key>
			<string>AppDelegate.m</string>
			<key>sourceTree</key>
			<string>&lt;group&gt;</string>
		</dict>
		<key>36A5B4871B1017160036E1CF</key>
		<dict>
			<key>fileRef</key>
			<string>36A5B4861B1017160036E1CF</string>
			<key>isa</key>
			<string>PBXBuildFile</string>
		</dict>
		<key>36A5B4881B1017160036E1CF</key>
		<dict>
			<key>isa</key>
			<string>PBXFileReference</string>
			<key>lastKnownFileType</key>
			<string>sourcecode.c.h</string>
			<key>path</key>
			<string>ViewController.h</string>
			<key>sourceTree</key>
			<string>&lt;group&gt;</string>
		</dict>
		<key>36A5B4891B1017160036E1CF</key>
		<dict>
			<key>isa</key>
			<string>PBXFileReference</string>
			<key>lastKnownFileType</key>
			<string>sourcecode.c.objc</string>
			<key>path</key>
			<string>ViewController.m</string>
			<key>sourceTree</key>
			<string>&lt;group&gt;</string>
		</dict>
		<key>36A5B48A1B1017160036E1CF</key>
		<dict>
			<key>fileRef</key>
			<string>36A5B4891B1017160036E1CF</string>
			<key>isa</key>
			<string>PBXBuildFile</string>
		</dict>
		<key>36A5B48B1B1017160036E1CF</key>
		<dict>
			<key>children</key>
			<array>
				<string>36A5B48C1B1017160036E1CF</string>
			</array>
			<key>isa</key>
			<string>PBXVariantGroup</string>
			<key>name</key>
			<string>Main.storyboard</string>
			<key>sourceTree</key>
			<string>&lt;group&gt;</string>
		</dict>
		<key>36A5B48C1B1017160036E1CF</key>
		<dict>
			<key>isa</key>
			<string>PBXFileReference</string>
			<key>lastKnownFileType</key>
			<string>file.storyboard</string>
			<key>name</key>
			<string>Base</string>
			<key>path</key>
			<string>Base.lproj/Main.storyboard</string>
			<key>sourceTree</key>
			<string>&lt;group&gt;</string>
		</dict>
		<key>36A5B48D1B1017160036E1CF</key>
		<dict>
			<key>fileRef</key>
			<string>36A5B48B1B1017160036E1CF</string>
			<key>isa</key>
			<string>PBXBuildFile</string>
		</dict>
		<key>36A5B48E1B1017160036E1CF</key>
		<dict>
			<key>isa</key>
			<string>PBXFileReference</string>
			<key>lastKnownFileType</key>
			<string>folder.assetcatalog</string>
			<key>path</key>
			<string>Images.xcassets</string>
			<key>sourceTree</key>
			<string>&lt;group&gt;</string>
		</dict>
		<key>36A5B48F1B1017160036E1CF</key>
		<dict>
			<key>fileRef</key>
			<string>36A5B48E1B1017160036E1CF</string>
			<key>isa</key>
			<string>PBXBuildFile</string>
		</dict>
		<key>36A5B4901B1017160036E1CF</key>
		<dict>
			<key>children</key>
			<array>
				<string>36A5B4911B1017160036E1CF</string>
			</array>
			<key>isa</key>
			<string>PBXVariantGroup</string>
			<key>name</key>
			<string>LaunchScreen.xib</string>
			<key>sourceTree</key>
			<string>&lt;group&gt;</string>
		</dict>
		<key>36A5B4911B1017160036E1CF</key>
		<dict>
			<key>isa</key>
			<string>PBXFileReference</string>
			<key>lastKnownFileType</key>
			<string>file.xib</string>
			<key>name</key>
			<string>Base</string>
			<key>path</key>
			<string>Base.lproj/LaunchScreen.xib</string>
			<key>sourceTree</key>
			<string>&lt;group&gt;</string>
		</dict>
		<key>36A5B4921B1017160036E1CF</key>
		<dict>
			<key>fileRef</key>
			<string>36A5B4901B1017160036E1CF</string>
			<key>isa</key>
			<string>PBXBuildFile</string>
		</dict>
		<key>36A5B4931B1017160036E1CF</key>
		<dict>
			<key>buildActionMask</key>
			<string>2147483647</string>
			<key>files</key>
			<array>
				<string>36A5B49E1B1017160036E1CF</string>
			</array>
			<key>isa</key>
			<string>PBXSourcesBuildPhase</string>
			<key>runOnlyForDeploymentPostprocessing</key>
			<string>0</string>
		</dict>
		<key>36A5B4941B1017160036E1CF</key>
		<dict>
			<key>buildActionMask</key>
			<string>2147483647</string>
			<key>files</key>
			<array/>
			<key>isa</key>
			<string>PBXFrameworksBuildPhase</string>
			<key>runOnlyForDeploymentPostprocessing</key>
			<string>0</string>
		</dict>
		<key>36A5B4951B1017160036E1CF</key>
		<dict>
			<key>buildActionMask</key>
			<string>2147483647</string>
			<key>files</key>
			<array/>
			<key>isa</key>
			<string>PBXResourcesBuildPhase</string>
			<key>runOnlyForDeploymentPostprocessing</key>
			<string>0</string>
		</dict>
		<key>36A5B4961B1017160036E1CF</key>
		<dict>
			<key>buildConfigurationList</key>
			<string>36A5B4A41B1017160036E1CF</string>
			<key>buildPhases</key>
			<array>
				<string>36A5B4931B1017160036E1CF</string>
				<string>36A5B4941B1017160036E1CF</string>
				<string>36A5B4951B1017160036E1CF</string>
			</array>
			<key>buildRules</key>
			<array/>
			<key>dependencies</key>
			<array>
				<string>36A5B4991B1017160036E1CF</string>
			</array>
			<key>isa</key>
			<string>PBXNativeTarget</string>
			<key>name</key>
			<string>OBJJSCommunicateTests</string>
			<key>productName</key>
			<string>OBJJSCommunicateTests</string>
			<key>productReference</key>
			<string>36A5B4971B1017160036E1CF</string>
			<key>productType</key>
			<string>com.apple.product-type.bundle.unit-test</string>
		</dict>
		<key>36A5B4971B1017160036E1CF</key>
		<dict>
			<key>explicitFileType</key>
			<string>wrapper.cfbundle</string>
			<key>includeInIndex</key>
			<string>0</string>
			<key>isa</key>
			<string>PBXFileReference</string>
			<key>path</key>
			<string>OBJJSCommunicateTests.xctest</string>
			<key>sourceTree</key>
			<string>BUILT_PRODUCTS_DIR</string>
		</dict>
		<key>36A5B4981B1017160036E1CF</key>
		<dict>
			<key>containerPortal</key>
			<string>36A5B4761B1017160036E1CF</string>
			<key>isa</key>
			<string>PBXContainerItemProxy</string>
			<key>proxyType</key>
			<string>1</string>
			<key>remoteGlobalIDString</key>
			<string>36A5B47D1B1017160036E1CF</string>
			<key>remoteInfo</key>
			<string>OBJJSCommunicate</string>
		</dict>
		<key>36A5B4991B1017160036E1CF</key>
		<dict>
			<key>isa</key>
			<string>PBXTargetDependency</string>
			<key>target</key>
			<string>36A5B47D1B1017160036E1CF</string>
			<key>targetProxy</key>
			<string>36A5B4981B1017160036E1CF</string>
		</dict>
		<key>36A5B49A1B1017160036E1CF</key>
		<dict>
			<key>children</key>
			<array>
				<string>36A5B49D1B1017160036E1CF</string>
				<string>36A5B49B1B1017160036E1CF</string>
			</array>
			<key>isa</key>
			<string>PBXGroup</string>
			<key>path</key>
			<string>OBJJSCommunicateTests</string>
			<key>sourceTree</key>
			<string>&lt;group&gt;</string>
		</dict>
		<key>36A5B49B1B1017160036E1CF</key>
		<dict>
			<key>children</key>
			<array>
				<string>36A5B49C1B1017160036E1CF</string>
			</array>
			<key>isa</key>
			<string>PBXGroup</string>
			<key>name</key>
			<string>Supporting Files</string>
			<key>sourceTree</key>
			<string>&lt;group&gt;</string>
		</dict>
		<key>36A5B49C1B1017160036E1CF</key>
		<dict>
			<key>isa</key>
			<string>PBXFileReference</string>
			<key>lastKnownFileType</key>
			<string>text.plist.xml</string>
			<key>path</key>
			<string>Info.plist</string>
			<key>sourceTree</key>
			<string>&lt;group&gt;</string>
		</dict>
		<key>36A5B49D1B1017160036E1CF</key>
		<dict>
			<key>isa</key>
			<string>PBXFileReference</string>
			<key>lastKnownFileType</key>
			<string>sourcecode.c.objc</string>
			<key>path</key>
			<string>OBJJSCommunicateTests.m</string>
			<key>sourceTree</key>
			<string>&lt;group&gt;</string>
		</dict>
		<key>36A5B49E1B1017160036E1CF</key>
		<dict>
			<key>fileRef</key>
			<string>36A5B49D1B1017160036E1CF</string>
			<key>isa</key>
			<string>PBXBuildFile</string>
		</dict>
		<key>36A5B49F1B1017160036E1CF</key>
		<dict>
			<key>buildSettings</key>
			<dict>
				<key>ALWAYS_SEARCH_USER_PATHS</key>
				<string>NO</string>
				<key>CLANG_CXX_LANGUAGE_STANDARD</key>
				<string>gnu++0x</string>
				<key>CLANG_CXX_LIBRARY</key>
				<string>libc++</string>
				<key>CLANG_ENABLE_MODULES</key>
				<string>YES</string>
				<key>CLANG_ENABLE_OBJC_ARC</key>
				<string>YES</string>
				<key>CLANG_WARN_BOOL_CONVERSION</key>
				<string>YES</string>
				<key>CLANG_WARN_CONSTANT_CONVERSION</key>
				<string>YES</string>
				<key>CLANG_WARN_DIRECT_OBJC_ISA_USAGE</key>
				<string>YES_ERROR</string>
				<key>CLANG_WARN_EMPTY_BODY</key>
				<string>YES</string>
				<key>CLANG_WARN_ENUM_CONVERSION</key>
				<string>YES</string>
				<key>CLANG_WARN_INT_CONVERSION</key>
				<string>YES</string>
				<key>CLANG_WARN_OBJC_ROOT_CLASS</key>
				<string>YES_ERROR</string>
				<key>CLANG_WARN_UNREACHABLE_CODE</key>
				<string>YES</string>
				<key>CLANG_WARN__DUPLICATE_METHOD_MATCH</key>
				<string>YES</string>
				<key>CODE_SIGN_IDENTITY[sdk=iphoneos*]</key>
				<string>iPhone Developer</string>
				<key>COPY_PHASE_STRIP</key>
				<string>NO</string>
				<key>DEBUG_INFORMATION_FORMAT</key>
				<string>dwarf-with-dsym</string>
				<key>ENABLE_STRICT_OBJC_MSGSEND</key>
				<string>YES</string>
				<key>GCC_C_LANGUAGE_STANDARD</key>
				<string>gnu99</string>
				<key>GCC_DYNAMIC_NO_PIC</key>
				<string>NO</string>
				<key>GCC_NO_COMMON_BLOCKS</key>
				<string>YES</string>
				<key>GCC_OPTIMIZATION_LEVEL</key>
				<string>0</string>
				<key>GCC_PREPROCESSOR_DEFINITIONS</key>
				<array>
					<string>DEBUG=1</string>
					<string>$(inherited)</string>
				</array>
				<key>GCC_SYMBOLS_PRIVATE_EXTERN</key>
				<string>NO</string>
				<key>GCC_WARN_64_TO_32_BIT_CONVERSION</key>
				<string>YES</string>
				<key>GCC_WARN_ABOUT_RETURN_TYPE</key>
				<string>YES_ERROR</string>
				<key>GCC_WARN_UNDECLARED_SELECTOR</key>
				<string>YES</string>
				<key>GCC_WARN_UNINITIALIZED_AUTOS</key>
				<string>YES_AGGRESSIVE</string>
				<key>GCC_WARN_UNUSED_FUNCTION</key>
				<string>YES</string>
				<key>GCC_WARN_UNUSED_VARIABLE</key>
				<string>YES</string>
				<key>IPHONEOS_DEPLOYMENT_TARGET</key>
				<string>8.3</string>
				<key>MTL_ENABLE_DEBUG_INFO</key>
				<string>YES</string>
				<key>ONLY_ACTIVE_ARCH</key>
				<string>YES</string>
				<key>SDKROOT</key>
				<string>iphoneos</string>
				<key>TARGETED_DEVICE_FAMILY</key>
				<string>1,2</string>
			</dict>
			<key>isa</key>
			<string>XCBuildConfiguration</string>
			<key>name</key>
			<string>Debug</string>
		</dict>
		<key>36A5B4A01B1017160036E1CF</key>
		<dict>
			<key>buildSettings</key>
			<dict>
				<key>ALWAYS_SEARCH_USER_PATHS</key>
				<string>NO</string>
				<key>CLANG_CXX_LANGUAGE_STANDARD</key>
				<string>gnu++0x</string>
				<key>CLANG_CXX_LIBRARY</key>
				<string>libc++</string>
				<key>CLANG_ENABLE_MODULES</key>
				<string>YES</string>
				<key>CLANG_ENABLE_OBJC_ARC</key>
				<string>YES</string>
				<key>CLANG_WARN_BOOL_CONVERSION</key>
				<string>YES</string>
				<key>CLANG_WARN_CONSTANT_CONVERSION</key>
				<string>YES</string>
				<key>CLANG_WARN_DIRECT_OBJC_ISA_USAGE</key>
				<string>YES_ERROR</string>
				<key>CLANG_WARN_EMPTY_BODY</key>
				<string>YES</string>
				<key>CLANG_WARN_ENUM_CONVERSION</key>
				<string>YES</string>
				<key>CLANG_WARN_INT_CONVERSION</key>
				<string>YES</string>
				<key>CLANG_WARN_OBJC_ROOT_CLASS</key>
				<string>YES_ERROR</string>
				<key>CLANG_WARN_UNREACHABLE_CODE</key>
				<string>YES</string>
				<key>CLANG_WARN__DUPLICATE_METHOD_MATCH</key>
				<string>YES</string>
				<key>CODE_SIGN_IDENTITY[sdk=iphoneos*]</key>
				<string>iPhone Developer</string>
				<key>COPY_PHASE_STRIP</key>
				<string>NO</string>
				<key>DEBUG_INFORMATION_FORMAT</key>
				<string>dwarf-with-dsym</string>
				<key>ENABLE_NS_ASSERTIONS</key>
				<string>NO</string>
				<key>ENABLE_STRICT_OBJC_MSGSEND</key>
				<string>YES</string>
				<key>GCC_C_LANGUAGE_STANDARD</key>
				<string>gnu99</string>
				<key>GCC_NO_COMMON_BLOCKS</key>
				<string>YES</string>
				<key>GCC_WARN_64_TO_32_BIT_CONVERSION</key>
				<string>YES</string>
				<key>GCC_WARN_ABOUT_RETURN_TYPE</key>
				<string>YES_ERROR</string>
				<key>GCC_WARN_UNDECLARED_SELECTOR</key>
				<string>YES</string>
				<key>GCC_WARN_UNINITIALIZED_AUTOS</key>
				<string>YES_AGGRESSIVE</string>
				<key>GCC_WARN_UNUSED_FUNCTION</key>
				<string>YES</string>
				<key>GCC_WARN_UNUSED_VARIABLE</key>
				<string>YES</string>
				<key>IPHONEOS_DEPLOYMENT_TARGET</key>
				<string>8.3</string>
				<key>MTL_ENABLE_DEBUG_INFO</key>
				<string>NO</string>
				<key>SDKROOT</key>
				<string>iphoneos</string>
				<key>TARGETED_DEVICE_FAMILY</key>
				<string>1,2</string>
				<key>VALIDATE_PRODUCT</key>
				<string>YES</string>
			</dict>
			<key>isa</key>
			<string>XCBuildConfiguration</string>
			<key>name</key>
			<string>Release</string>
		</dict>
		<key>36A5B4A11B1017160036E1CF</key>
		<dict>
			<key>buildConfigurations</key>
			<array>
				<string>36A5B4A21B1017160036E1CF</string>
				<string>36A5B4A31B1017160036E1CF</string>
			</array>
			<key>defaultConfigurationIsVisible</key>
			<string>0</string>
			<key>defaultConfigurationName</key>
			<string>Release</string>
			<key>isa</key>
			<string>XCConfigurationList</string>
		</dict>
		<key>36A5B4A21B1017160036E1CF</key>
		<dict>
			<key>buildSettings</key>
			<dict>
				<key>ASSETCATALOG_COMPILER_APPICON_NAME</key>
				<string>AppIcon</string>
				<key>INFOPLIST_FILE</key>
				<string>OBJJSCommunicate/Info.plist</string>
				<key>LD_RUNPATH_SEARCH_PATHS</key>
				<string>$(inherited) @executable_path/Frameworks</string>
				<key>PRODUCT_NAME</key>
				<string>$(TARGET_NAME)</string>
			</dict>
			<key>isa</key>
			<string>XCBuildConfiguration</string>
			<key>name</key>
			<string>Debug</string>
		</dict>
		<key>36A5B4A31B1017160036E1CF</key>
		<dict>
			<key>buildSettings</key>
			<dict>
				<key>ASSETCATALOG_COMPILER_APPICON_NAME</key>
				<string>AppIcon</string>
				<key>INFOPLIST_FILE</key>
				<string>OBJJSCommunicate/Info.plist</string>
				<key>LD_RUNPATH_SEARCH_PATHS</key>
				<string>$(inherited) @executable_path/Frameworks</string>
				<key>PRODUCT_NAME</key>
				<string>$(TARGET_NAME)</string>
			</dict>
			<key>isa</key>
			<string>XCBuildConfiguration</string>
			<key>name</key>
			<string>Release</string>
		</dict>
		<key>36A5B4A41B1017160036E1CF</key>
		<dict>
			<key>buildConfigurations</key>
			<array>
				<string>36A5B4A51B1017160036E1CF</string>
				<string>36A5B4A61B1017160036E1CF</string>
			</array>
			<key>defaultConfigurationIsVisible</key>
			<string>0</string>
			<key>defaultConfigurationName</key>
			<string>Release</string>
			<key>isa</key>
			<string>XCConfigurationList</string>
		</dict>
		<key>36A5B4A51B1017160036E1CF</key>
		<dict>
			<key>buildSettings</key>
			<dict>
				<key>BUNDLE_LOADER</key>
				<string>$(TEST_HOST)</string>
				<key>FRAMEWORK_SEARCH_PATHS</key>
				<array>
					<string>$(SDKROOT)/Developer/Library/Frameworks</string>
					<string>$(inherited)</string>
				</array>
				<key>GCC_PREPROCESSOR_DEFINITIONS</key>
				<array>
					<string>DEBUG=1</string>
					<string>$(inherited)</string>
				</array>
				<key>INFOPLIST_FILE</key>
				<string>OBJJSCommunicateTests/Info.plist</string>
				<key>LD_RUNPATH_SEARCH_PATHS</key>
				<string>$(inherited) @executable_path/Frameworks @loader_path/Frameworks</string>
				<key>PRODUCT_NAME</key>
				<string>$(TARGET_NAME)</string>
				<key>TEST_HOST</key>
				<string>$(BUILT_PRODUCTS_DIR)/OBJJSCommunicate.app/OBJJSCommunicate</string>
			</dict>
			<key>isa</key>
			<string>XCBuildConfiguration</string>
			<key>name</key>
			<string>Debug</string>
		</dict>
		<key>36A5B4A61B1017160036E1CF</key>
		<dict>
			<key>buildSettings</key>
			<dict>
				<key>BUNDLE_LOADER</key>
				<string>$(TEST_HOST)</string>
				<key>FRAMEWORK_SEARCH_PATHS</key>
				<array>
					<string>$(SDKROOT)/Developer/Library/Frameworks</string>
					<string>$(inherited)</string>
				</array>
				<key>INFOPLIST_FILE</key>
				<string>OBJJSCommunicateTests/Info.plist</string>
				<key>LD_RUNPATH_SEARCH_PATHS</key>
				<string>$(inherited) @executable_path/Frameworks @loader_path/Frameworks</string>
				<key>PRODUCT_NAME</key>
				<string>$(TARGET_NAME)</string>
				<key>TEST_HOST</key>
				<string>$(BUILT_PRODUCTS_DIR)/OBJJSCommunicate.app/OBJJSCommunicate</string>
			</dict>
			<key>isa</key>
			<string>XCBuildConfiguration</string>
			<key>name</key>
			<string>Release</string>
		</dict>
		<key>36A5B4B11B108D8E0036E1CF</key>
		<dict>
			<key>children</key>
			<array>
				<string>36A5B4B41B108D970036E1CF</string>
				<string>36C9086D1B1219C3004B9FEA</string>
				<string>36C9086E1B1219C3004B9FEA</string>
			</array>
			<key>isa</key>
			<string>PBXGroup</string>
			<key>name</key>
			<string>WebViews</string>
			<key>sourceTree</key>
			<string>&lt;group&gt;</string>
		</dict>
		<key>36A5B4B41B108D970036E1CF</key>
		<dict>
			<key>fileEncoding</key>
			<string>4</string>
			<key>isa</key>
			<string>PBXFileReference</string>
			<key>lastKnownFileType</key>
			<string>sourcecode.c.h</string>
			<key>name</key>
			<string>WebViewInterface.h</string>
			<key>path</key>
			<string>WebViews/WebViewInterface.h</string>
			<key>sourceTree</key>
			<string>&lt;group&gt;</string>
		</dict>
		<key>36A5B4B61B108DBB0036E1CF</key>
		<dict>
			<key>isa</key>
			<string>PBXFileReference</string>
			<key>lastKnownFileType</key>
			<string>wrapper.framework</string>
			<key>name</key>
			<string>UIKit.framework</string>
			<key>path</key>
			<string>System/Library/Frameworks/UIKit.framework</string>
			<key>sourceTree</key>
			<string>SDKROOT</string>
		</dict>
		<key>36A5B4B71B108DBB0036E1CF</key>
		<dict>
			<key>fileRef</key>
			<string>36A5B4B61B108DBB0036E1CF</string>
			<key>isa</key>
			<string>PBXBuildFile</string>
		</dict>
		<key>36A5B4B81B108DC30036E1CF</key>
		<dict>
			<key>isa</key>
			<string>PBXFileReference</string>
			<key>lastKnownFileType</key>
			<string>wrapper.framework</string>
			<key>name</key>
			<string>Foundation.framework</string>
			<key>path</key>
			<string>System/Library/Frameworks/Foundation.framework</string>
			<key>sourceTree</key>
			<string>SDKROOT</string>
		</dict>
		<key>36A5B4B91B108DC30036E1CF</key>
		<dict>
			<key>fileRef</key>
			<string>36A5B4B81B108DC30036E1CF</string>
			<key>isa</key>
			<string>PBXBuildFile</string>
		</dict>
		<key>36A5B4BA1B108DC80036E1CF</key>
		<dict>
			<key>isa</key>
			<string>PBXFileReference</string>
			<key>lastKnownFileType</key>
			<string>wrapper.framework</string>
			<key>name</key>
			<string>CoreGraphics.framework</string>
			<key>path</key>
			<string>System/Library/Frameworks/CoreGraphics.framework</string>
			<key>sourceTree</key>
			<string>SDKROOT</string>
		</dict>
		<key>36A5B4BB1B108DC80036E1CF</key>
		<dict>
			<key>fileRef</key>
			<string>36A5B4BA1B108DC80036E1CF</string>
			<key>isa</key>
			<string>PBXBuildFile</string>
		</dict>
		<key>36C9086D1B1219C3004B9FEA</key>
		<dict>
			<key>fileEncoding</key>
			<string>4</string>
			<key>isa</key>
			<string>PBXFileReference</string>
			<key>lastKnownFileType</key>
			<string>sourcecode.c.h</string>
			<key>name</key>
			<string>AOWebViewDelegate.h</string>
			<key>path</key>
			<string>WebViews/AOWebViewDelegate.h</string>
			<key>sourceTree</key>
			<string>&lt;group&gt;</string>
		</dict>
		<key>36C9086E1B1219C3004B9FEA</key>
		<dict>
			<key>fileEncoding</key>
			<string>4</string>
			<key>isa</key>
			<string>PBXFileReference</string>
			<key>lastKnownFileType</key>
			<string>sourcecode.c.objc</string>
			<key>name</key>
			<string>AOWebViewDelegate.m</string>
			<key>path</key>
			<string>WebViews/AOWebViewDelegate.m</string>
			<key>sourceTree</key>
			<string>&lt;group&gt;</string>
		</dict>
		<key>36C9086F1B1219C3004B9FEA</key>
		<dict>
			<key>fileRef</key>
			<string>36C9086E1B1219C3004B9FEA</string>
			<key>isa</key>
			<string>PBXBuildFile</string>
		</dict>
		<key>75A128B41B1420A200DCD76F</key>
		<dict>
			<key>children</key>
			<array>
				<string>75A128B81B1420B500DCD76F</string>
				<string>75A128B51B1420AE00DCD76F</string>
				<string>75A128B61B1420AE00DCD76F</string>
			</array>
			<key>isa</key>
			<string>PBXGroup</string>
			<key>name</key>
			<string>ZIP</string>
			<key>sourceTree</key>
			<string>&lt;group&gt;</string>
		</dict>
		<key>75A128B51B1420AE00DCD76F</key>
		<dict>
			<key>fileEncoding</key>
			<string>4</string>
			<key>isa</key>
			<string>PBXFileReference</string>
			<key>lastKnownFileType</key>
			<string>sourcecode.c.h</string>
			<key>name</key>
			<string>SSZipArchive.h</string>
			<key>path</key>
			<string>SSZipArchive/SSZipArchive.h</string>
			<key>sourceTree</key>
			<string>&lt;group&gt;</string>
		</dict>
		<key>75A128B61B1420AE00DCD76F</key>
		<dict>
			<key>fileEncoding</key>
			<string>4</string>
			<key>isa</key>
			<string>PBXFileReference</string>
			<key>lastKnownFileType</key>
			<string>sourcecode.c.objc</string>
			<key>name</key>
			<string>SSZipArchive.m</string>
			<key>path</key>
			<string>SSZipArchive/SSZipArchive.m</string>
			<key>sourceTree</key>
			<string>&lt;group&gt;</string>
		</dict>
		<key>75A128B71B1420AE00DCD76F</key>
		<dict>
			<key>fileRef</key>
			<string>75A128B61B1420AE00DCD76F</string>
			<key>isa</key>
			<string>PBXBuildFile</string>
		</dict>
		<key>75A128B81B1420B500DCD76F</key>
		<dict>
			<key>children</key>
			<array>
				<string>75A128B91B1420C100DCD76F</string>
				<string>75A128BA1B1420C100DCD76F</string>
				<string>75A128BB1B1420C100DCD76F</string>
				<string>75A128BC1B1420C100DCD76F</string>
				<string>75A128BD1B1420C100DCD76F</string>
				<string>75A128BE1B1420C100DCD76F</string>
				<string>75A128BF1B1420C100DCD76F</string>
				<string>75A128C01B1420C100DCD76F</string>
				<string>75A128C11B1420C100DCD76F</string>
			</array>
			<key>isa</key>
			<string>PBXGroup</string>
			<key>name</key>
			<string>MiniZip</string>
			<key>sourceTree</key>
			<string>&lt;group&gt;</string>
		</dict>
		<key>75A128B91B1420C100DCD76F</key>
		<dict>
			<key>fileEncoding</key>
			<string>4</string>
			<key>isa</key>
			<string>PBXFileReference</string>
			<key>lastKnownFileType</key>
			<string>sourcecode.c.h</string>
			<key>name</key>
			<string>crypt.h</string>
			<key>path</key>
			<string>SSZipArchive/minizip/crypt.h</string>
			<key>sourceTree</key>
			<string>&lt;group&gt;</string>
		</dict>
		<key>75A128BA1B1420C100DCD76F</key>
		<dict>
			<key>fileEncoding</key>
			<string>4</string>
			<key>isa</key>
			<string>PBXFileReference</string>
			<key>lastKnownFileType</key>
			<string>sourcecode.c.c</string>
			<key>name</key>
			<string>ioapi.c</string>
			<key>path</key>
			<string>SSZipArchive/minizip/ioapi.c</string>
			<key>sourceTree</key>
			<string>&lt;group&gt;</string>
		</dict>
		<key>75A128BB1B1420C100DCD76F</key>
		<dict>
			<key>fileEncoding</key>
			<string>4</string>
			<key>isa</key>
			<string>PBXFileReference</string>
			<key>lastKnownFileType</key>
			<string>sourcecode.c.h</string>
			<key>name</key>
			<string>ioapi.h</string>
			<key>path</key>
			<string>SSZipArchive/minizip/ioapi.h</string>
			<key>sourceTree</key>
			<string>&lt;group&gt;</string>
		</dict>
		<key>75A128BC1B1420C100DCD76F</key>
		<dict>
			<key>fileEncoding</key>
			<string>4</string>
			<key>isa</key>
			<string>PBXFileReference</string>
			<key>lastKnownFileType</key>
			<string>sourcecode.c.c</string>
			<key>name</key>
			<string>mztools.c</string>
			<key>path</key>
			<string>SSZipArchive/minizip/mztools.c</string>
			<key>sourceTree</key>
			<string>&lt;group&gt;</string>
		</dict>
		<key>75A128BD1B1420C100DCD76F</key>
		<dict>
			<key>fileEncoding</key>
			<string>4</string>
			<key>isa</key>
			<string>PBXFileReference</string>
			<key>lastKnownFileType</key>
			<string>sourcecode.c.h</string>
			<key>name</key>
			<string>mztools.h</string>
			<key>path</key>
			<string>SSZipArchive/minizip/mztools.h</string>
			<key>sourceTree</key>
			<string>&lt;group&gt;</string>
		</dict>
		<key>75A128BE1B1420C100DCD76F</key>
		<dict>
			<key>fileEncoding</key>
			<string>4</string>
			<key>isa</key>
			<string>PBXFileReference</string>
			<key>lastKnownFileType</key>
			<string>sourcecode.c.c</string>
			<key>name</key>
			<string>unzip.c</string>
			<key>path</key>
			<string>SSZipArchive/minizip/unzip.c</string>
			<key>sourceTree</key>
			<string>&lt;group&gt;</string>
		</dict>
		<key>75A128BF1B1420C100DCD76F</key>
		<dict>
			<key>fileEncoding</key>
			<string>4</string>
			<key>isa</key>
			<string>PBXFileReference</string>
			<key>lastKnownFileType</key>
			<string>sourcecode.c.h</string>
			<key>name</key>
			<string>unzip.h</string>
			<key>path</key>
			<string>SSZipArchive/minizip/unzip.h</string>
			<key>sourceTree</key>
			<string>&lt;group&gt;</string>
		</dict>
		<key>75A128C01B1420C100DCD76F</key>
		<dict>
			<key>fileEncoding</key>
			<string>4</string>
			<key>isa</key>
			<string>PBXFileReference</string>
			<key>lastKnownFileType</key>
			<string>sourcecode.c.c</string>
			<key>name</key>
			<string>zip.c</string>
			<key>path</key>
			<string>SSZipArchive/minizip/zip.c</string>
			<key>sourceTree</key>
			<string>&lt;group&gt;</string>
		</dict>
		<key>75A128C11B1420C100DCD76F</key>
		<dict>
			<key>fileEncoding</key>
			<string>4</string>
			<key>isa</key>
			<string>PBXFileReference</string>
			<key>lastKnownFileType</key>
			<string>sourcecode.c.h</string>
			<key>name</key>
			<string>zip.h</string>
			<key>path</key>
			<string>SSZipArchive/minizip/zip.h</string>
			<key>sourceTree</key>
			<string>&lt;group&gt;</string>
		</dict>
		<key>75A128C21B1420C100DCD76F</key>
		<dict>
			<key>fileRef</key>
			<string>75A128BA1B1420C100DCD76F</string>
			<key>isa</key>
			<string>PBXBuildFile</string>
		</dict>
		<key>75A128C31B1420C100DCD76F</key>
		<dict>
			<key>fileRef</key>
			<string>75A128BC1B1420C100DCD76F</string>
			<key>isa</key>
			<string>PBXBuildFile</string>
		</dict>
		<key>75A128C41B1420C100DCD76F</key>
		<dict>
			<key>fileRef</key>
			<string>75A128BE1B1420C100DCD76F</string>
			<key>isa</key>
			<string>PBXBuildFile</string>
		</dict>
		<key>75A128C51B1420C100DCD76F</key>
		<dict>
			<key>fileRef</key>
			<string>75A128C01B1420C100DCD76F</string>
			<key>isa</key>
			<string>PBXBuildFile</string>
		</dict>
		<key>75A128C61B14230E00DCD76F</key>
		<dict>
			<key>isa</key>
			<string>PBXFileReference</string>
			<key>lastKnownFileType</key>
			<string>compiled.mach-o.dylib</string>
			<key>name</key>
			<string>libz.dylib</string>
			<key>path</key>
			<string>usr/lib/libz.dylib</string>
			<key>sourceTree</key>
			<string>SDKROOT</string>
		</dict>
		<key>75A128C71B14230E00DCD76F</key>
		<dict>
			<key>fileRef</key>
			<string>75A128C61B14230E00DCD76F</string>
			<key>isa</key>
			<string>PBXBuildFile</string>
		</dict>
		<key>75A128C81B14282400DCD76F</key>
		<dict>
			<key>isa</key>
			<string>PBXFileReference</string>
			<key>lastKnownFileType</key>
			<string>archive.zip</string>
			<key>path</key>
			<string>TestArchive.zip</string>
			<key>sourceTree</key>
			<string>&lt;group&gt;</string>
		</dict>
		<key>75A128C91B14282400DCD76F</key>
		<dict>
			<key>fileRef</key>
			<string>75A128C81B14282400DCD76F</string>
			<key>isa</key>
			<string>PBXBuildFile</string>
		</dict>
		<key>75A128CA1B142B6900DCD76F</key>
		<dict>
			<key>children</key>
			<array>
				<string>75A128C61B14230E00DCD76F</string>
				<string>36A5B4BA1B108DC80036E1CF</string>
				<string>36A5B4B81B108DC30036E1CF</string>
				<string>36A5B4B61B108DBB0036E1CF</string>
			</array>
			<key>isa</key>
			<string>PBXGroup</string>
			<key>name</key>
			<string>Frameworks</string>
			<key>sourceTree</key>
			<string>&lt;group&gt;</string>
		</dict>
		<key>75A128CB1B142B7E00DCD76F</key>
		<dict>
			<key>isa</key>
			<string>PBXFileReference</string>
			<key>lastKnownFileType</key>
			<string>archive.zip</string>
			<key>path</key>
			<string>wwwroot.zip</string>
			<key>sourceTree</key>
			<string>&lt;group&gt;</string>
		</dict>
		<key>75A128CC1B142B7E00DCD76F</key>
		<dict>
			<key>fileRef</key>
			<string>75A128CB1B142B7E00DCD76F</string>
			<key>isa</key>
			<string>PBXBuildFile</string>
		</dict>
		<key>9B75F4656B15E4C5E0485450</key>
		<dict>
			<key>buildActionMask</key>
			<string>2147483647</string>
			<key>files</key>
			<array/>
			<key>inputPaths</key>
			<array/>
			<key>isa</key>
			<string>PBXShellScriptBuildPhase</string>
			<key>name</key>
			<string>Find unused imports</string>
			<key>outputPaths</key>
			<array/>
			<key>runOnlyForDeploymentPostprocessing</key>
			<string>0</string>
			<key>shellPath</key>
			<string>/bin/sh</string>
			<key>shellScript</key>
			<string>/bin/sh "/Users/than/Library/Application Support/Developer/Shared/Xcode/Plug-ins/xcfui.xcplugin/Contents/Resources/fui_script.sh" "/Users/than/Documents/Projects/apides/Alpha-Omega/Tutorials/JS2OBJ_communicating/OBJJSCommunicate"</string>
			<key>showEnvVarsInLog</key>
			<string>1</string>
		</dict>
	</dict>
	<key>rootObject</key>
	<string>36A5B4761B1017160036E1CF</string>
</dict>
</plist>
